PODS:
  - ACPAnalytics (2.5.4):
    - ACPAnalytics/xcframeworks (= 2.5.4)
    - ACPCore (>= 2.9.6)
  - ACPAnalytics/xcframeworks (2.5.4):
    - ACPCore (>= 2.9.6)
  - ACPCampaign (1.1.0):
    - ACPCampaign/xcframeworks (= 1.1.0)
    - ACPCore (>= 2.9.0)
  - ACPCampaign/xcframeworks (1.1.0):
    - ACPCore (>= 2.9.0)
  - ACPCore (2.9.7):
    - ACPCore/main (= 2.9.7)
  - ACPCore/main (2.9.7)
  - ACPPlaces (1.4.0):
    - ACPCore (>= 2.9.0)
    - ACPPlaces/xcframeworks (= 1.4.0)
  - ACPPlaces/xcframeworks (1.4.0):
    - ACPCore (>= 2.9.0)
  - ACPPlacesMonitor (2.1.4):
    - ACPCore (>= 2.3.6)
    - ACPPlaces (>= 1.3.0)
    - ACPPlacesMonitor/iOS (= 2.1.4)
  - ACPPlacesMonitor/iOS (2.1.4):
    - ACPCore (>= 2.3.6)
    - ACPPlaces (>= 1.3.0)
  - ACPTarget (2.2.0):
    - ACPCore (>= 2.9.0)
    - ACPTarget/xcframeworks (= 2.2.0)
  - ACPTarget/xcframeworks (2.2.0):
    - ACPCore (>= 2.9.0)
  - ACPUserProfile (2.2.0):
    - ACPCore (>= 2.9.0)
    - ACPUserProfile/xcframeworks (= 2.2.0)
  - ACPUserProfile/xcframeworks (2.2.0):
    - ACPCore (>= 2.9.0)
  - Capacitor (5.2.3):
    - CapacitorCordova
  - CapacitorApp (5.0.6):
    - Capacitor
  - CapacitorCommunityContacts (5.0.4):
    - Capacitor
  - CapacitorCordova (5.2.3)
  - CapacitorDialog (5.0.6):
    - Capacitor
  - CapacitorGeolocation (5.0.6):
    - Capacitor
  - CapacitorHaptics (5.0.6):
    - Capacitor
  - CapacitorKeyboard (5.0.6):
    - Capacitor
  - CapacitorPushNotifications (5.0.6):
    - Capacitor
  - CapacitorStatusBar (5.0.6):
    - Capacitor
  - CordovaPlugins (5.2.3):
    - CapacitorCordova
    - CordovaPlugins/noarc (= 5.2.3)
  - CordovaPlugins/noarc (5.2.3):
    - CapacitorCordova
  - CordovaPluginsResources (0.0.105)
  - CordovaPluginsStatic (5.2.3):
    - ACPAnalytics (~> 2.2)
    - ACPCampaign (~> 1.0)
    - ACPCore (~> 2.6)
    - ACPPlaces (~> 1.3)
    - ACPPlacesMonitor (~> 2.1)
    - ACPTarget (~> 2.1)
    - ACPUserProfile (~> 2.1)
    - CapacitorCordova
    - ServiceSDK (~> 238.0)
  - ServiceSDK (238.0.0):
    - ServiceSDK/All (= 238.0.0)
  - ServiceSDK/All (238.0.0)

DEPENDENCIES:
  - "Capacitor (from `../../node_modules/@capacitor/ios`)"
  - "CapacitorApp (from `../../node_modules/@capacitor/app`)"
  - "CapacitorCommunityContacts (from `../../node_modules/@capacitor-community/contacts`)"
  - "CapacitorCordova (from `../../node_modules/@capacitor/ios`)"
  - "CapacitorDialog (from `../../node_modules/@capacitor/dialog`)"
  - "CapacitorGeolocation (from `../../node_modules/@capacitor/geolocation`)"
  - "CapacitorHaptics (from `../../node_modules/@capacitor/haptics`)"
  - "CapacitorKeyboard (from `../../node_modules/@capacitor/keyboard`)"
  - "CapacitorPushNotifications (from `../../node_modules/@capacitor/push-notifications`)"
  - "CapacitorStatusBar (from `../../node_modules/@capacitor/status-bar`)"
  - CordovaPlugins (from `../capacitor-cordova-ios-plugins`)
  - CordovaPluginsResources (from `../capacitor-cordova-ios-plugins`)
  - CordovaPluginsStatic (from `../capacitor-cordova-ios-plugins`)

SPEC REPOS:
  https://github.com/goinstant/pods-specs-public:
    - ServiceSDK
  trunk:
    - ACPAnalytics
    - ACPCampaign
    - ACPCore
    - ACPPlaces
    - ACPPlacesMonitor
    - ACPTarget
    - ACPUserProfile

EXTERNAL SOURCES:
  Capacitor:
    :path: "../../node_modules/@capacitor/ios"
  CapacitorApp:
    :path: "../../node_modules/@capacitor/app"
  CapacitorCommunityContacts:
    :path: "../../node_modules/@capacitor-community/contacts"
  CapacitorCordova:
    :path: "../../node_modules/@capacitor/ios"
  CapacitorDialog:
    :path: "../../node_modules/@capacitor/dialog"
  CapacitorGeolocation:
    :path: "../../node_modules/@capacitor/geolocation"
  CapacitorHaptics:
    :path: "../../node_modules/@capacitor/haptics"
  CapacitorKeyboard:
    :path: "../../node_modules/@capacitor/keyboard"
  CapacitorPushNotifications:
    :path: "../../node_modules/@capacitor/push-notifications"
  CapacitorStatusBar:
    :path: "../../node_modules/@capacitor/status-bar"
  CordovaPlugins:
    :path: "../capacitor-cordova-ios-plugins"
  CordovaPluginsResources:
    :path: "../capacitor-cordova-ios-plugins"
  CordovaPluginsStatic:
    :path: "../capacitor-cordova-ios-plugins"

SPEC CHECKSUMS:
  ACPAnalytics: 6b94de281850b4aff02882ec7091e89c811c7d87
  ACPCampaign: aa9b3a5fc1b21028e6948a66fa41ac910eac1df8
  ACPCore: 4328e8e8327e93f0c70ee44ae4cd2e0882302489
  ACPPlaces: c97113afb7cb7885f1aa39e19620a02d1a54655c
  ACPPlacesMonitor: f59b969cae9ce6cfd76600ecbe2004a8ceaac355
  ACPTarget: cf035455c8354fc22f91647914d042135d001a35
  ACPUserProfile: bfb3c34dd4e2f0129838867b099506b4c6657fd0
  Capacitor: 6f44cbc33839b8a4202b8eac97041fe584083417
  CapacitorApp: 024e1b1bea5f883d79f6330d309bc441c88ad04a
  CapacitorCommunityContacts: 45de2477f7dc6265d267677939a2c75465d2ed87
  CapacitorCordova: 35def3ebfdef491f0a7b652816eb873ff4b20bbf
  CapacitorDialog: 0f3c15dfe9414b83bc64aef4078f1b92bcfead26
  CapacitorGeolocation: 7be5f77abc205c0efe319fff8587a7183e7b0240
  CapacitorHaptics: 1fffc1217c7e64a472d7845be50fb0c2f7d4204c
  CapacitorKeyboard: b978154b024a5f65e044908e37d15b7de58b9d12
  CapacitorPushNotifications: 7eb70469f1fcc3dec07126336d4896520e4991db
  CapacitorStatusBar: 565c0a1ebd79bb40d797606a8992b4a105885309
  CordovaPlugins: d9fbb91b7bfbdb456574a2665234564193d97360
  CordovaPluginsResources: 0c211f770ed91763a179ebcd9b9346e120b70662
  CordovaPluginsStatic: 685fbcf177ad8dbd5d8dd9f16619796b238359dc
  ServiceSDK: d6a025297d934f5ed9bc6ec04690c6e0a1683408

PODFILE CHECKSUM: c91c09cfdc4041bf212395012a1078dde3bed266

COCOAPODS: 1.14.3
